// !$*UTF8*$!
{
	archiveVersion = 1;
	classes = {
	};
	objectVersion = 46;
	objects = {

/* Begin PBXBuildFile section */
		2DEAABEC1C310DB900E6F52C /* main.m in Sources */ = {isa = PBXBuildFile; fileRef = 2DEAABEB1C310DB900E6F52C /* main.m */; };
		2DEAABEF1C310DB900E6F52C /* AppDelegate.m in Sources */ = {isa = PBXBuildFile; fileRef = 2DEAABEE1C310DB900E6F52C /* AppDelegate.m */; };
		2DEAABF21C310DB900E6F52C /* ViewController.m in Sources */ = {isa = PBXBuildFile; fileRef = 2DEAABF11C310DB900E6F52C /* ViewController.m */; };
		2DEAABF51C310DB900E6F52C /* Main.storyboard in Resources */ = {isa = PBXBuildFile; fileRef = 2DEAABF31C310DB900E6F52C /* Main.storyboard */; };
		2DEAABF71C310DB900E6F52C /* Assets.xcassets in Resources */ = {isa = PBXBuildFile; fileRef = 2DEAABF61C310DB900E6F52C /* Assets.xcassets */; };
		2DEAABFA1C310DB900E6F52C /* LaunchScreen.storyboard in Resources */ = {isa = PBXBuildFile; fileRef = 2DEAABF81C310DB900E6F52C /* LaunchScreen.storyboard */; };
		2DEAAC051C310DB900E6F52C /* MyAppTests.m in Sources */ = {isa = PBXBuildFile; fileRef = 2DEAAC041C310DB900E6F52C /* MyAppTests.m */; };
		2DEAAC101C310DB900E6F52C /* MyAppUITests.m in Sources */ = {isa = PBXBuildFile; fileRef = 2DEAAC0F1C310DB900E6F52C /* MyAppUITests.m */; };
/* End PBXBuildFile section */

/* Begin PBXContainerItemProxy section */
		2DEAAC011C310DB900E6F52C /* PBXContainerItemProxy */ = {
			isa = PBXContainerItemProxy;
			containerPortal = 2DEAABDF1C310DB900E6F52C /* Project object */;
			proxyType = 1;
			remoteGlobalIDString = 2DEAABE61C310DB900E6F52C;
			remoteInfo = MyApp;
		};
		2DEAAC0C1C310DB900E6F52C /* PBXContainerItemProxy */ = {
			isa = PBXContainerItemProxy;
			containerPortal = 2DEAABDF1C310DB900E6F52C /* Project object */;
			proxyType = 1;
			remoteGlobalIDString = 2DEAABE61C310DB900E6F52C;
			remoteInfo = MyApp;
		};
/* End PBXContainerItemProxy section */

/* Begin PBXFileReference section */
		2DEAABE71C310DB900E6F52C /* MyApp.app */ = {isa = PBXFileReference; explicitFileType = wrapper.application; includeInIndex = 0; path = MyApp.app; sourceTree = BUILT_PRODUCTS_DIR; };
		2DEAABEB1C310DB900E6F52C /* main.m */ = {isa = PBXFileReference; lastKnownFileType = sourcecode.c.objc; path = main.m; sourceTree = "<group>"; };
		2DEAABED1C310DB900E6F52C /* AppDelegate.h */ = {isa = PBXFileReference; lastKnownFileType = sourcecode.c.h; path = AppDelegate.h; sourceTree = "<group>"; };
		2DEAABEE1C310DB900E6F52C /* AppDelegate.m */ = {isa = PBXFileReference; lastKnownFileType = sourcecode.c.objc; path = AppDelegate.m; sourceTree = "<group>"; };
		2DEAABF01C310DB900E6F52C /* ViewController.h */ = {isa = PBXFileReference; lastKnownFileType = sourcecode.c.h; path = ViewController.h; sourceTree = "<group>"; };
		2DEAABF11C310DB900E6F52C /* ViewController.m */ = {isa = PBXFileReference; lastKnownFileType = sourcecode.c.objc; path = ViewController.m; sourceTree = "<group>"; };
		2DEAABF41C310DB900E6F52C /* Base */ = {isa = PBXFileReference; lastKnownFileType = file.storyboard; name = Base; path = Base.lproj/Main.storyboard; sourceTree = "<group>"; };
		2DEAABF61C310DB900E6F52C /* Assets.xcassets */ = {isa = PBXFileReference; lastKnownFileType = folder.assetcatalog; path = Assets.xcassets; sourceTree = "<group>"; };
		2DEAABF91C310DB900E6F52C /* Base */ = {isa = PBXFileReference; lastKnownFileType = file.storyboard; name = Base; path = Base.lproj/LaunchScreen.storyboard; sourceTree = "<group>"; };
		2DEAABFB1C310DB900E6F52C /* Info.plist */ = {isa = PBXFileReference; lastKnownFileType = text.plist.xml; path = Info.plist; sourceTree = "<group>"; };
		2DEAAC001C310DB900E6F52C /* MyAppTests.xctest */ = {isa = PBXFileReference; explicitFileType = wrapper.cfbundle; includeInIndex = 0; path = MyAppTests.xctest; sourceTree = BUILT_PRODUCTS_DIR; };
		2DEAAC041C310DB900E6F52C /* MyAppTests.m */ = {isa = PBXFileReference; lastKnownFileType = sourcecode.c.objc; path = MyAppTests.m; sourceTree = "<group>"; };
		2DEAAC061C310DB900E6F52C /* Info.plist */ = {isa = PBXFileReference; lastKnownFileType = text.plist.xml; path = Info.plist; sourceTree = "<group>"; };
		2DEAAC0B1C310DB900E6F52C /* MyAppUITests.xctest */ = {isa = PBXFileReference; explicitFileType = wrapper.cfbundle; includeInIndex = 0; path = MyAppUITests.xctest; sourceTree = BUILT_PRODUCTS_DIR; };
		2DEAAC0F1C310DB900E6F52C /* MyAppUITests.m */ = {isa = PBXFileReference; lastKnownFileType = sourcecode.c.objc; path = MyAppUITests.m; sourceTree = "<group>"; };
		2DEAAC111C310DB900E6F52C /* Info.plist */ = {isa = PBXFileReference; lastKnownFileType = text.plist.xml; path = Info.plist; sourceTree = "<group>"; };
/* End PBXFileReference section */

/* Begin PBXFrameworksBuildPhase section */
		2DEAABE41C310DB900E6F52C /* Frameworks */ = {
			isa = PBXFrameworksBuildPhase;
			buildActionMask = 2147483647;
			files = (
			);
			runOnlyForDeploymentPostprocessing = 0;
		};
		2DEAABFD1C310DB900E6F52C /* Frameworks */ = {
			isa = PBXFrameworksBuildPhase;
			buildActionMask = 2147483647;
			files = (
			);
			runOnlyForDeploymentPostprocessing = 0;
		};
		2DEAAC081C310DB900E6F52C /* Frameworks */ = {
			isa = PBXFrameworksBuildPhase;
			buildActionMask = 2147483647;
			files = (
			);
			runOnlyForDeploymentPostprocessing = 0;
		};
/* End PBXFrameworksBuildPhase section */

/* Begin PBXGroup section */
		2DEAABDE1C310DB900E6F52C = {
			isa = PBXGroup;
			children = (
				2DEAABE91C310DB900E6F52C /* MyApp */,
				2DEAAC031C310DB900E6F52C /* MyAppTests */,
				2DEAAC0E1C310DB900E6F52C /* MyAppUITests */,
				2DEAABE81C310DB900E6F52C /* Products */,
			);
			sourceTree = "<group>";
		};
		2DEAABE81C310DB900E6F52C /* Products */ = {
			isa = PBXGroup;
			children = (
				2DEAABE71C310DB900E6F52C /* MyApp.app */,
				2DEAAC001C310DB900E6F52C /* MyAppTests.xctest */,
				2DEAAC0B1C310DB900E6F52C /* MyAppUITests.xctest */,
			);
			name = Products;
			sourceTree = "<group>";
		};
		2DEAABE91C310DB900E6F52C /* MyApp */ = {
			isa = PBXGroup;
			children = (
				2DEAABED1C310DB900E6F52C /* AppDelegate.h */,
				2DEAABEE1C310DB900E6F52C /* AppDelegate.m */,
				2DEAABF01C310DB900E6F52C /* ViewController.h */,
				2DEAABF11C310DB900E6F52C /* ViewController.m */,
				2DEAABF31C310DB900E6F52C /* Main.storyboard */,
				2DEAABF61C310DB900E6F52C /* Assets.xcassets */,
				2DEAABF81C310DB900E6F52C /* LaunchScreen.storyboard */,
				2DEAABFB1C310DB900E6F52C /* Info.plist */,
				2DEAABEA1C310DB900E6F52C /* Supporting Files */,
			);
			path = MyApp;
			sourceTree = "<group>";
		};
		2DEAABEA1C310DB900E6F52C /* Supporting Files */ = {
			isa = PBXGroup;
			children = (
				2DEAABEB1C310DB900E6F52C /* main.m */,
			);
			name = "Supporting Files";
			sourceTree = "<group>";
		};
		2DEAAC031C310DB900E6F52C /* MyAppTests */ = {
			isa = PBXGroup;
			children = (
				2DEAAC041C310DB900E6F52C /* MyAppTests.m */,
				2DEAAC061C310DB900E6F52C /* Info.plist */,
			);
			path = MyAppTests;
			sourceTree = "<group>";
		};
		2DEAAC0E1C310DB900E6F52C /* MyAppUITests */ = {
			isa = PBXGroup;
			children = (
				2DEAAC0F1C310DB900E6F52C /* MyAppUITests.m */,
				2DEAAC111C310DB900E6F52C /* Info.plist */,
			);
			path = MyAppUITests;
			sourceTree = "<group>";
		};
/* End PBXGroup section */

/* Begin PBXNativeTarget section */
		2DEAABE61C310DB900E6F52C /* MyApp */ = {
			isa = PBXNativeTarget;
			buildConfigurationList = 2DEAAC141C310DB900E6F52C /* Build configuration list for PBXNativeTarget "MyApp" */;
			buildPhases = (
				2DEAABE31C310DB900E6F52C /* Sources */,
				2DEAABE41C310DB900E6F52C /* Frameworks */,
				2DEAABE51C310DB900E6F52C /* Resources */,
			);
			buildRules = (
			);
			dependencies = (
			);
			name = MyApp;
			productName = MyApp;
			productReference = 2DEAABE71C310DB900E6F52C /* MyApp.app */;
			productType = "com.apple.product-type.application";
		};
		2DEAABFF1C310DB900E6F52C /* MyAppTests */ = {
			isa = PBXNativeTarget;
			buildConfigurationList = 2DEAAC171C310DB900E6F52C /* Build configuration list for PBXNativeTarget "MyAppTests" */;
			buildPhases = (
				2DEAABFC1C310DB900E6F52C /* Sources */,
				2DEAABFD1C310DB900E6F52C /* Frameworks */,
				2DEAABFE1C310DB900E6F52C /* Resources */,
			);
			buildRules = (
			);
			dependencies = (
				2DEAAC021C310DB900E6F52C /* PBXTargetDependency */,
			);
			name = MyAppTests;
			productName = MyAppTests;
			productReference = 2DEAAC001C310DB900E6F52C /* MyAppTests.xctest */;
			productType = "com.apple.product-type.bundle.unit-test";
		};
		2DEAAC0A1C310DB900E6F52C /* MyAppUITests */ = {
			isa = PBXNativeTarget;
			buildConfigurationList = 2DEAAC1A1C310DB900E6F52C /* Build configuration list for PBXNativeTarget "MyAppUITests" */;
			buildPhases = (
				2DEAAC071C310DB900E6F52C /* Sources */,
				2DEAAC081C310DB900E6F52C /* Frameworks */,
				2DEAAC091C310DB900E6F52C /* Resources */,
			);
			buildRules = (
			);
			dependencies = (
				2DEAAC0D1C310DB900E6F52C /* PBXTargetDependency */,
			);
			name = MyAppUITests;
			productName = MyAppUITests;
			productReference = 2DEAAC0B1C310DB900E6F52C /* MyAppUITests.xctest */;
			productType = "com.apple.product-type.bundle.ui-testing";
		};
/* End PBXNativeTarget section */

/* Begin PBXProject section */
		2DEAABDF1C310DB900E6F52C /* Project object */ = {
			isa = PBXProject;
			attributes = {
				LastUpgradeCheck = 0710;
				ORGANIZATIONNAME = WanRong;
				TargetAttributes = {
					2DEAABE61C310DB900E6F52C = {
						CreatedOnToolsVersion = 7.1;
					};
					2DEAABFF1C310DB900E6F52C = {
						CreatedOnToolsVersion = 7.1;
						TestTargetID = 2DEAABE61C310DB900E6F52C;
					};
					2DEAAC0A1C310DB900E6F52C = {
						CreatedOnToolsVersion = 7.1;
						TestTargetID = 2DEAABE61C310DB900E6F52C;
					};
				};
			};
			buildConfigurationList = 2DEAABE21C310DB900E6F52C /* Build configuration list for PBXProject "MyApp" */;
			compatibilityVersion = "Xcode 3.2";
			developmentRegion = English;
			hasScannedForEncodings = 0;
			knownRegions = (
				en,
				Base,
			);
			mainGroup = 2DEAABDE1C310DB900E6F52C;
			productRefGroup = 2DEAABE81C310DB900E6F52C /* Products */;
			projectDirPath = "";
			projectRoot = "";
			targets = (
				2DEAABE61C310DB900E6F52C /* MyApp */,
				2DEAABFF1C310DB900E6F52C /* MyAppTests */,
				2DEAAC0A1C310DB900E6F52C /* MyAppUITests */,
			);
		};
/* End PBXProject section */

/* Begin PBXResourcesBuildPhase section */
		2DEAABE51C310DB900E6F52C /* Resources */ = {
			isa = PBXResourcesBuildPhase;
			buildActionMask = 2147483647;
			files = (
				2DEAABFA1C310DB900E6F52C /* LaunchScreen.storyboard in Resources */,
				2DEAABF71C310DB900E6F52C /* Assets.xcassets in Resources */,
				2DEAABF51C310DB900E6F52C /* Main.storyboard in Resources */,
			);
			runOnlyForDeploymentPostprocessing = 0;
		};
		2DEAABFE1C310DB900E6F52C /* Resources */ = {
			isa = PBXResourcesBuildPhase;
			buildActionMask = 2147483647;
			files = (
			);
			runOnlyForDeploymentPostprocessing = 0;
		};
		2DEAAC091C310DB900E6F52C /* Resources */ = {
			isa = PBXResourcesBuildPhase;
			buildActionMask = 2147483647;
			files = (
			);
			runOnlyForDeploymentPostprocessing = 0;
		};
/* End PBXResourcesBuildPhase section */

/* Begin PBXSourcesBuildPhase section */
		2DEAABE31C310DB900E6F52C /* Sources */ = {
			isa = PBXSourcesBuildPhase;
			buildActionMask = 2147483647;
			files = (
				2DEAABF21C310DB900E6F52C /* ViewController.m in Sources */,
				2DEAABEF1C310DB900E6F52C /* AppDelegate.m in Sources */,
				2DEAABEC1C310DB900E6F52C /* main.m in Sources */,
			);
			runOnlyForDeploymentPostprocessing = 0;
		};
		2DEAABFC1C310DB900E6F52C /* Sources */ = {
			isa = PBXSourcesBuildPhase;
			buildActionMask = 2147483647;
			files = (
				2DEAAC051C310DB900E6F52C /* MyAppTests.m in Sources */,
			);
			runOnlyForDeploymentPostprocessing = 0;
		};
		2DEAAC071C310DB900E6F52C /* Sources */ = {
			isa = PBXSourcesBuildPhase;
			buildActionMask = 2147483647;
			files = (
				2DEAAC101C310DB900E6F52C /* MyAppUITests.m in Sources */,
			);
			runOnlyForDeploymentPostprocessing = 0;
		};
/* End PBXSourcesBuildPhase section */

/* Begin PBXTargetDependency section */
		2DEAAC021C310DB900E6F52C /* PBXTargetDependency */ = {
			isa = PBXTargetDependency;
			target = 2DEAABE61C310DB900E6F52C /* MyApp */;
			targetProxy = 2DEAAC011C310DB900E6F52C /* PBXContainerItemProxy */;
		};
		2DEAAC0D1C310DB900E6F52C /* PBXTargetDependency */ = {
			isa = PBXTargetDependency;
			target = 2DEAABE61C310DB900E6F52C /* MyApp */;
			targetProxy = 2DEAAC0C1C310DB900E6F52C /* PBXContainerItemProxy */;
		};
/* End PBXTargetDependency section */

/* Begin PBXVariantGroup section */
		2DEAABF31C310DB900E6F52C /* Main.storyboard */ = {
			isa = PBXVariantGroup;
			children = (
				2DEAABF41C310DB900E6F52C /* Base */,
			);
			name = Main.storyboard;
			sourceTree = "<group>";
		};
		2DEAABF81C310DB900E6F52C /* LaunchScreen.storyboard */ = {
			isa = PBXVariantGroup;
			children = (
				2DEAABF91C310DB900E6F52C /* Base */,
			);
			name = LaunchScreen.storyboard;
			sourceTree = "<group>";
		};
/* End PBXVariantGroup section */

/* Begin XCBuildConfiguration section */
		2DEAAC121C310DB900E6F52C /* Debug */ = {
			isa = XCBuildConfiguration;
			buildSettings = {
				ALWAYS_SEARCH_USER_PATHS = NO;
				CLANG_CXX_LANGUAGE_STANDARD = "gnu++0x";
				CLANG_CXX_LIBRARY = "libc++";
				CLANG_ENABLE_MODULES = YES;
				CLANG_ENABLE_OBJC_ARC = YES;
				CLANG_WARN_BOOL_CONVERSION = YES;
				CLANG_WARN_CONSTANT_CONVERSION = YES;
				CLANG_WARN_DIRECT_OBJC_ISA_USAGE = YES_ERROR;
				CLANG_WARN_EMPTY_BODY = YES;
				CLANG_WARN_ENUM_CONVERSION = YES;
				CLANG_WARN_INT_CONVERSION = YES;
				CLANG_WARN_OBJC_ROOT_CLASS = YES_ERROR;
				CLANG_WARN_UNREACHABLE_CODE = YES;
				CLANG_WARN__DUPLICATE_METHOD_MATCH = YES;
				"CODE_SIGN_IDENTITY[sdk=iphoneos*]" = "iPhone Developer";
				COPY_PHASE_STRIP = NO;
				DEBUG_INFORMATION_FORMAT = dwarf;
				ENABLE_STRICT_OBJC_MSGSEND = YES;
				ENABLE_TESTABILITY = YES;
				GCC_C_LANGUAGE_STANDARD = gnu99;
				GCC_DYNAMIC_NO_PIC = NO;
				GCC_NO_COMMON_BLOCKS = YES;
				GCC_OPTIMIZATION_LEVEL = 0;
				GCC_PREPROCESSOR_DEFINITIONS = (
					"DEBUG=1",
					"$(inherited)",
				);
				GCC_WARN_64_TO_32_BIT_CONVERSION = YES;
				GCC_WARN_ABOUT_RETURN_TYPE = YES_ERROR;
				GCC_WARN_UNDECLARED_SELECTOR = YES;
				GCC_WARN_UNINITIALIZED_AUTOS = YES_AGGRESSIVE;
				GCC_WARN_UNUSED_FUNCTION = YES;
				GCC_WARN_UNUSED_VARIABLE = YES;
				IPHONEOS_DEPLOYMENT_TARGET = 9.1;
				MTL_ENABLE_DEBUG_INFO = YES;
				ONLY_ACTIVE_ARCH = YES;
				SDKROOT = iphoneos;
			};
			name = Debug;
		};
		2DEAAC131C310DB900E6F52C /* Release */ = {
			isa = XCBuildConfiguration;
			buildSettings = {
				ALWAYS_SEARCH_USER_PATHS = NO;
				CLANG_CXX_LANGUAGE_STANDARD = "gnu++0x";
				CLANG_CXX_LIBRARY = "libc++";
				CLANG_ENABLE_MODULES = YES;
				CLANG_ENABLE_OBJC_ARC = YES;
				CLANG_WARN_BOOL_CONVERSION = YES;
				CLANG_WARN_CONSTANT_CONVERSION = YES;
				CLANG_WARN_DIRECT_OBJC_ISA_USAGE = YES_ERROR;
				CLANG_WARN_EMPTY_BODY = YES;
				CLANG_WARN_ENUM_CONVERSION = YES;
				CLANG_WARN_INT_CONVERSION = YES;
				CLANG_WARN_OBJC_ROOT_CLASS = YES_ERROR;
				CLANG_WARN_UNREACHABLE_CODE = YES;
				CLANG_WARN__DUPLICATE_METHOD_MATCH = YES;
				"CODE_SIGN_IDENTITY[sdk=iphoneos*]" = "iPhone Developer";
				COPY_PHASE_STRIP = NO;
				DEBUG_INFORMATION_FORMAT = "dwarf-with-dsym";
				ENABLE_NS_ASSERTIONS = NO;
				ENABLE_STRICT_OBJC_MSGSEND = YES;
				GCC_C_LANGUAGE_STANDARD = gnu99;
				GCC_NO_COMMON_BLOCKS = YES;
				GCC_WARN_64_TO_32_BIT_CONVERSION = YES;
				GCC_WARN_ABOUT_RETURN_TYPE = YES_ERROR;
				GCC_WARN_UNDECLARED_SELECTOR = YES;
				GCC_WARN_UNINITIALIZED_AUTOS = YES_AGGRESSIVE;
				GCC_WARN_UNUSED_FUNCTION = YES;
				GCC_WARN_UNUSED_VARIABLE = YES;
				IPHONEOS_DEPLOYMENT_TARGET = 9.1;
				MTL_ENABLE_DEBUG_INFO = NO;
				SDKROOT = iphoneos;
				VALIDATE_PRODUCT = YES;
			};
			name = Release;
		};
		2DEAAC151C310DB900E6F52C /* Debug */ = {
			isa = XCBuildConfiguration;
			buildSettings = {
				ASSETCATALOG_COMPILER_APPICON_NAME = AppIcon;
				INFOPLIST_FILE = MyApp/Info.plist;
				LD_RUNPATH_SEARCH_PATHS = "$(inherited) @executable_path/Frameworks";
				PRODUCT_BUNDLE_IDENTIFIER = com.my2388.MyApp;
				PRODUCT_NAME = "$(TARGET_NAME)";
			};
			name = Debug;
		};
		2DEAAC161C310DB900E6F52C /* Release */ = {
			isa = XCBuildConfiguration;
			buildSettings = {
				ASSETCATALOG_COMPILER_APPICON_NAME = AppIcon;
				INFOPLIST_FILE = MyApp/Info.plist;
				LD_RUNPATH_SEARCH_PATHS = "$(inherited) @executable_path/Frameworks";
				PRODUCT_BUNDLE_IDENTIFIER = com.my2388.MyApp;
				PRODUCT_NAME = "$(TARGET_NAME)";
			};
			name = Release;
		};
		2DEAAC181C310DB900E6F52C /* Debug */ = {
			isa = XCBuildConfiguration;
			buildSettings = {
				BUNDLE_LOADER = "$(TEST_HOST)";
				INFOPLIST_FILE = MyAppTests/Info.plist;
				LD_RUNPATH_SEARCH_PATHS = "$(inherited) @executable_path/Frameworks @loader_path/Frameworks";
				PRODUCT_BUNDLE_IDENTIFIER = com.my2388.MyAppTests;
				PRODUCT_NAME = "$(TARGET_NAME)";
				TEST_HOST = "$(BUILT_PRODUCTS_DIR)/MyApp.app/MyApp";
			};
			name = Debug;
		};
		2DEAAC191C310DB900E6F52C /* Release */ = {
			isa = XCBuildConfiguration;
			buildSettings = {
				BUNDLE_LOADER = "$(TEST_HOST)";
				INFOPLIST_FILE = MyAppTests/Info.plist;
				LD_RUNPATH_SEARCH_PATHS = "$(inherited) @executable_path/Frameworks @loader_path/Frameworks";
				PRODUCT_BUNDLE_IDENTIFIER = com.my2388.MyAppTests;
				PRODUCT_NAME = "$(TARGET_NAME)";
				TEST_HOST = "$(BUILT_PRODUCTS_DIR)/MyApp.app/MyApp";
			};
			name = Release;
		};
		2DEAAC1B1C310DB900E6F52C /* Debug */ = {
			isa = XCBuildConfiguration;
			buildSettings = {
				INFOPLIST_FILE = MyAppUITests/Info.plist;
				LD_RUNPATH_SEARCH_PATHS = "$(inherited) @executable_path/Frameworks @loader_path/Frameworks";
				PRODUCT_BUNDLE_IDENTIFIER = com.my2388.MyAppUITests;
				PRODUCT_NAME = "$(TARGET_NAME)";
				TEST_TARGET_NAME = MyApp;
				USES_XCTRUNNER = YES;
			};
			name = Debug;
		};
		2DEAAC1C1C310DB900E6F52C /* Release */ = {
			isa = XCBuildConfiguration;
			buildSettings = {
				INFOPLIST_FILE = MyAppUITests/Info.plist;
				LD_RUNPATH_SEARCH_PATHS = "$(inherited) @executable_path/Frameworks @loader_path/Frameworks";
				PRODUCT_BUNDLE_IDENTIFIER = com.my2388.MyAppUITests;
				PRODUCT_NAME = "$(TARGET_NAME)";
				TEST_TARGET_NAME = MyApp;
				USES_XCTRUNNER = YES;
			};
			name = Release;
		};
/* End XCBuildConfiguration section */

/* Begin XCConfigurationList section */
		2DEAABE21C310DB900E6F52C /* Build configuration list for PBXProject "MyApp" */ = {
			isa = XCConfigurationList;
			buildConfigurations = (
				2DEAAC121C310DB900E6F52C /* Debug */,
				2DEAAC131C310DB900E6F52C /* Release */,
			);
			defaultConfigurationIsVisible = 0;
			defaultConfigurationName = Release;
		};
		2DEAAC141C310DB900E6F52C /* Build configuration list for PBXNativeTarget "MyApp" */ = {
			isa = XCConfigurationList;
			buildConfigurations = (
				2DEAAC151C310DB900E6F52C /* Debug */,
				2DEAAC161C310DB900E6F52C /* Release */,
			);
			defaultConfigurationIsVisible = 0;
		};
		2DEAAC171C310DB900E6F52C /* Build configuration list for PBXNativeTarget "MyAppTests" */ = {
			isa = XCConfigurationList;
			buildConfigurations = (
				2DEAAC181C310DB900E6F52C /* Debug */,
				2DEAAC191C310DB900E6F52C /* Release */,
			);
			defaultConfigurationIsVisible = 0;
		};
		2DEAAC1A1C310DB900E6F52C /* Build configuration list for PBXNativeTarget "MyAppUITests" */ = {
			isa = XCConfigurationList;
			buildConfigurations = (
				2DEAAC1B1C310DB900E6F52C /* Debug */,
				2DEAAC1C1C310DB900E6F52C /* Release */,
			);
			defaultConfigurationIsVisible = 0;
		};
/* End XCConfigurationList section */
	};
	rootObject = 2DEAABDF1C310DB900E6F52C /* Project object */;
}
